// !$*UTF8*$!
{
	archiveVersion = 1;
	classes = {
	};
	objectVersion = 77;
	objects = {

/* Begin PBXBuildFile section */
		4B2825E42FA18B7D0006787D /* ComposableArchitecture in Frameworks */ = {isa = PBXBuildFile; productRef = 4B2825E32FA18B7D0006787D /* ComposableArchitecture */; };
		4B2826102FA4B0000006787D /* SimControlDomain in Frameworks */ = {isa = PBXBuildFile; productRef = 4B2826122FA4B0000006787D /* SimControlDomain */; };
		4B2826202FA4C0000006787D /* SimControlInfrastructure in Frameworks */ = {isa = PBXBuildFile; productRef = 4B2826212FA4C0000006787D /* SimControlInfrastructure */; };
		4B2826222FA4C1000006787D /* SimControlClients in Frameworks */ = {isa = PBXBuildFile; productRef = 4B2826232FA4C1000006787D /* SimControlClients */; };
		4B2826242FA4C2000006787D /* SimControlClientsLive in Frameworks */ = {isa = PBXBuildFile; productRef = 4B2826252FA4C2000006787D /* SimControlClientsLive */; };
		4B2826292FA4C4000006787D /* MainWindowFeature in Frameworks */ = {isa = PBXBuildFile; productRef = 4B2826282FA4C4000006787D /* MainWindowFeature */; };
/* End PBXBuildFile section */

/* Begin PBXContainerItemProxy section */
		4B2820FF2FA0F3600006787D /* PBXContainerItemProxy */ = {
			isa = PBXContainerItemProxy;
			containerPortal = 4B28205A2FA0BF520006787D /* Project object */;
			proxyType = 1;
			remoteGlobalIDString = 4B2820612FA0BF520006787D;
			remoteInfo = SimControl;
		};
/* End PBXContainerItemProxy section */

/* Begin PBXFileReference section */
		4B2820622FA0BF520006787D /* SimControl.app */ = {isa = PBXFileReference; explicitFileType = wrapper.application; includeInIndex = 0; path = SimControl.app; sourceTree = BUILT_PRODUCTS_DIR; };
		4B2820FB2FA0F3600006787D /* SimControlTests.xctest */ = {isa = PBXFileReference; explicitFileType = wrapper.cfbundle; includeInIndex = 0; path = SimControlTests.xctest; sourceTree = BUILT_PRODUCTS_DIR; };
/* End PBXFileReference section */

/* Begin PBXFileSystemSynchronizedRootGroup section */
		4B2820642FA0BF520006787D /* SimControl */ = {
			isa = PBXFileSystemSynchronizedRootGroup;
			path = SimControl;
			sourceTree = "<group>";
		};
		4B2820FC2FA0F3600006787D /* SimControlTests */ = {
			isa = PBXFileSystemSynchronizedRootGroup;
			path = SimControlTests;
			sourceTree = "<group>";
		};
/* End PBXFileSystemSynchronizedRootGroup section */

/* Begin PBXFrameworksBuildPhase section */
		4B28205F2FA0BF520006787D /* Frameworks */ = {
			isa = PBXFrameworksBuildPhase;
			buildActionMask = 2147483647;
			files = (
				4B2825E42FA18B7D0006787D /* ComposableArchitecture in Frameworks */,
				4B2826102FA4B0000006787D /* SimControlDomain in Frameworks */,
				4B2826202FA4C0000006787D /* SimControlInfrastructure in Frameworks */,
				4B2826222FA4C1000006787D /* SimControlClients in Frameworks */,
				4B2826242FA4C2000006787D /* SimControlClientsLive in Frameworks */,
				4B2826292FA4C4000006787D /* MainWindowFeature in Frameworks */,
			);
			runOnlyForDeploymentPostprocessing = 0;
		};
		4B2820F82FA0F3600006787D /* Frameworks */ = {
			isa = PBXFrameworksBuildPhase;
			buildActionMask = 2147483647;
			files = (
			);
			runOnlyForDeploymentPostprocessing = 0;
		};
/* End PBXFrameworksBuildPhase section */

/* Begin PBXGroup section */
		4B2820592FA0BF520006787D = {
			isa = PBXGroup;
			children = (
				4B2820642FA0BF520006787D /* SimControl */,
				4B2820FC2FA0F3600006787D /* SimControlTests */,
				4B2820632FA0BF520006787D /* Products */,
			);
			sourceTree = "<group>";
		};
		4B2820632FA0BF520006787D /* Products */ = {
			isa = PBXGroup;
			children = (
				4B2820622FA0BF520006787D /* SimControl.app */,
				4B2820FB2FA0F3600006787D /* SimControlTests.xctest */,
			);
			name = Products;
			sourceTree = "<group>";
		};
/* End PBXGroup section */

/* Begin PBXNativeTarget section */
		4B2820612FA0BF520006787D /* SimControl */ = {
			isa = PBXNativeTarget;
			buildConfigurationList = 4B28206D2FA0BF530006787D /* Build configuration list for PBXNativeTarget "SimControl" */;
			buildPhases = (
				4B28205E2FA0BF520006787D /* Sources */,
				4B28205F2FA0BF520006787D /* Frameworks */,
				4B2820602FA0BF520006787D /* Resources */,
			);
			buildRules = (
			);
			dependencies = (
			);
			fileSystemSynchronizedGroups = (
				4B2820642FA0BF520006787D /* SimControl */,
			);
			name = SimControl;
			packageProductDependencies = (
				4B2825E32FA18B7D0006787D /* ComposableArchitecture */,
				4B2826122FA4B0000006787D /* SimControlDomain */,
				4B2826212FA4C0000006787D /* SimControlInfrastructure */,
				4B2826232FA4C1000006787D /* SimControlClients */,
				4B2826252FA4C2000006787D /* SimControlClientsLive */,
				4B2826282FA4C4000006787D /* MainWindowFeature */,
			);
			productName = SimControl;
			productReference = 4B2820622FA0BF520006787D /* SimControl.app */;
			productType = "com.apple.product-type.application";
		};
		4B2820FA2FA0F3600006787D /* SimControlTests */ = {
			isa = PBXNativeTarget;
			buildConfigurationList = 4B2821012FA0F3600006787D /* Build configuration list for PBXNativeTarget "SimControlTests" */;
			buildPhases = (
				4B2820F72FA0F3600006787D /* Sources */,
				4B2820F82FA0F3600006787D /* Frameworks */,
				4B2820F92FA0F3600006787D /* Resources */,
			);
			buildRules = (
			);
			dependencies = (
				4B2821002FA0F3600006787D /* PBXTargetDependency */,
			);
			fileSystemSynchronizedGroups = (
				4B2820FC2FA0F3600006787D /* SimControlTests */,
			);
			name = SimControlTests;
			packageProductDependencies = (
			);
			productName = SimControlTests;
			productReference = 4B2820FB2FA0F3600006787D /* SimControlTests.xctest */;
			productType = "com.apple.product-type.bundle.unit-test";
		};
/* End PBXNativeTarget section */

/* Begin PBXProject section */
		4B28205A2FA0BF520006787D /* Project object */ = {
			isa = PBXProject;
			attributes = {
				BuildIndependentTargetsInParallel = 1;
				LastSwiftUpdateCheck = 2640;
				LastUpgradeCheck = 2640;
				TargetAttributes = {
					4B2820612FA0BF520006787D = {
						CreatedOnToolsVersion = 26.4;
					};
					4B2820FA2FA0F3600006787D = {
						CreatedOnToolsVersion = 26.4;
						TestTargetID = 4B2820612FA0BF520006787D;
					};
				};
			};
			buildConfigurationList = 4B28205D2FA0BF520006787D /* Build configuration list for PBXProject "SimControl" */;
			developmentRegion = en;
			hasScannedForEncodings = 0;
			knownRegions = (
				en,
				Base,
			);
			mainGroup = 4B2820592FA0BF520006787D;
			minimizedProjectReferenceProxies = 1;
			packageReferences = (
				4B2826112FA4B0000006787D /* XCLocalSwiftPackageReference "Packages/SimControlModules" */,
				4B2825E22FA18B7D0006787D /* XCRemoteSwiftPackageReference "swift-composable-architecture" */,
			);
			preferredProjectObjectVersion = 77;
			productRefGroup = 4B2820632FA0BF520006787D /* Products */;
			projectDirPath = "";
			projectRoot = "";
			targets = (
				4B2820612FA0BF520006787D /* SimControl */,
				4B2820FA2FA0F3600006787D /* SimControlTests */,
			);
		};
/* End PBXProject section */

/* Begin PBXResourcesBuildPhase section */
		4B2820602FA0BF520006787D /* Resources */ = {
			isa = PBXResourcesBuildPhase;
			buildActionMask = 2147483647;
			files = (
			);
			runOnlyForDeploymentPostprocessing = 0;
		};
		4B2820F92FA0F3600006787D /* Resources */ = {
			isa = PBXResourcesBuildPhase;
			buildActionMask = 2147483647;
			files = (
			);
			runOnlyForDeploymentPostprocessing = 0;
		};
/* End PBXResourcesBuildPhase section */

/* Begin PBXSourcesBuildPhase section */
		4B28205E2FA0BF520006787D /* Sources */ = {
			isa = PBXSourcesBuildPhase;
			buildActionMask = 2147483647;
			files = (
			);
			runOnlyForDeploymentPostprocessing = 0;
		};
		4B2820F72FA0F3600006787D /* Sources */ = {
			isa = PBXSourcesBuildPhase;
			buildActionMask = 2147483647;
			files = (
			);
			runOnlyForDeploymentPostprocessing = 0;
		};
/* End PBXSourcesBuildPhase section */

/* Begin PBXTargetDependency section */
		4B2821002FA0F3600006787D /* PBXTargetDependency */ = {
			isa = PBXTargetDependency;
			target = 4B2820612FA0BF520006787D /* SimControl */;
			targetProxy = 4B2820FF2FA0F3600006787D /* PBXContainerItemProxy */;
		};
/* End PBXTargetDependency section */

/* Begin XCBuildConfiguration section */
		4B28206B2FA0BF530006787D /* Debug */ = {
			isa = XCBuildConfiguration;
			buildSettings = {
				ALWAYS_SEARCH_USER_PATHS = NO;
				ASSETCATALOG_COMPILER_GENERATE_SWIFT_ASSET_SYMBOL_EXTENSIONS = YES;
				CLANG_ANALYZER_NONNULL = YES;
				CLANG_ANALYZER_NUMBER_OBJECT_CONVERSION = YES_AGGRESSIVE;
				CLANG_CXX_LANGUAGE_STANDARD = "gnu++20";
				CLANG_ENABLE_MODULES = YES;
				CLANG_ENABLE_OBJC_ARC = YES;
				CLANG_ENABLE_OBJC_WEAK = YES;
				CLANG_WARN_BLOCK_CAPTURE_AUTORELEASING = YES;
				CLANG_WARN_BOOL_CONVERSION = YES;
				CLANG_WARN_COMMA = YES;
				CLANG_WARN_CONSTANT_CONVERSION = YES;
				CLANG_WARN_DEPRECATED_OBJC_IMPLEMENTATIONS = YES;
				CLANG_WARN_DIRECT_OBJC_ISA_USAGE = YES_ERROR;
				CLANG_WARN_DOCUMENTATION_COMMENTS = YES;
				CLANG_WARN_EMPTY_BODY = YES;
				CLANG_WARN_ENUM_CONVERSION = YES;
				CLANG_WARN_INFINITE_RECURSION = YES;
				CLANG_WARN_INT_CONVERSION = YES;
				CLANG_WARN_NON_LITERAL_NULL_CONVERSION = YES;
				CLANG_WARN_OBJC_IMPLICIT_RETAIN_SELF = YES;
				CLANG_WARN_OBJC_LITERAL_CONVERSION = YES;
				CLANG_WARN_OBJC_ROOT_CLASS = YES_ERROR;
				CLANG_WARN_QUOTED_INCLUDE_IN_FRAMEWORK_HEADER = YES;
				CLANG_WARN_RANGE_LOOP_ANALYSIS = YES;
				CLANG_WARN_STRICT_PROTOTYPES = YES;
				CLANG_WARN_SUSPICIOUS_MOVE = YES;
				CLANG_WARN_UNGUARDED_AVAILABILITY = YES_AGGRESSIVE;
				CLANG_WARN_UNREACHABLE_CODE = YES;
				CLANG_WARN__DUPLICATE_METHOD_MATCH = YES;
				COPY_PHASE_STRIP = NO;
				DEBUG_INFORMATION_FORMAT = dwarf;
				ENABLE_STRICT_OBJC_MSGSEND = YES;
				ENABLE_TESTABILITY = YES;
				ENABLE_USER_SCRIPT_SANDBOXING = YES;
				GCC_C_LANGUAGE_STANDARD = gnu17;
				GCC_DYNAMIC_NO_PIC = NO;
				GCC_NO_COMMON_BLOCKS = YES;
				GCC_OPTIMIZATION_LEVEL = 0;
				GCC_PREPROCESSOR_DEFINITIONS = (
					"DEBUG=1",
					"$(inherited)",
				);
				GCC_WARN_64_TO_32_BIT_CONVERSION = YES;
				GCC_WARN_ABOUT_RETURN_TYPE = YES_ERROR;
				GCC_WARN_UNDECLARED_SELECTOR = YES;
				GCC_WARN_UNINITIALIZED_AUTOS = YES_AGGRESSIVE;
				GCC_WARN_UNUSED_FUNCTION = YES;
				GCC_WARN_UNUSED_VARIABLE = YES;
				LOCALIZATION_PREFERS_STRING_CATALOGS = YES;
				MACOSX_DEPLOYMENT_TARGET = 26.4;
				MTL_ENABLE_DEBUG_INFO = INCLUDE_SOURCE;
				MTL_FAST_MATH = YES;
				ONLY_ACTIVE_ARCH = YES;
				SDKROOT = macosx;
				SWIFT_ACTIVE_COMPILATION_CONDITIONS = "DEBUG $(inherited)";
				SWIFT_OPTIMIZATION_LEVEL = "-Onone";
			};
			name = Debug;
		};
		4B28206C2FA0BF530006787D /* Release */ = {
			isa = XCBuildConfiguration;
			buildSettings = {
				ALWAYS_SEARCH_USER_PATHS = NO;
				ASSETCATALOG_COMPILER_GENERATE_SWIFT_ASSET_SYMBOL_EXTENSIONS = YES;
				CLANG_ANALYZER_NONNULL = YES;
				CLANG_ANALYZER_NUMBER_OBJECT_CONVERSION = YES_AGGRESSIVE;
				CLANG_CXX_LANGUAGE_STANDARD = "gnu++20";
				CLANG_ENABLE_MODULES = YES;
				CLANG_ENABLE_OBJC_ARC = YES;
				CLANG_ENABLE_OBJC_WEAK = YES;
				CLANG_WARN_BLOCK_CAPTURE_AUTORELEASING = YES;
				CLANG_WARN_BOOL_CONVERSION = YES;
				CLANG_WARN_COMMA = YES;
				CLANG_WARN_CONSTANT_CONVERSION = YES;
				CLANG_WARN_DEPRECATED_OBJC_IMPLEMENTATIONS = YES;
				CLANG_WARN_DIRECT_OBJC_ISA_USAGE = YES_ERROR;
				CLANG_WARN_DOCUMENTATION_COMMENTS = YES;
				CLANG_WARN_EMPTY_BODY = YES;
				CLANG_WARN_ENUM_CONVERSION = YES;
				CLANG_WARN_INFINITE_RECURSION = YES;
				CLANG_WARN_INT_CONVERSION = YES;
				CLANG_WARN_NON_LITERAL_NULL_CONVERSION = YES;
				CLANG_WARN_OBJC_IMPLICIT_RETAIN_SELF = YES;
				CLANG_WARN_OBJC_LITERAL_CONVERSION = YES;
				CLANG_WARN_OBJC_ROOT_CLASS = YES_ERROR;
				CLANG_WARN_QUOTED_INCLUDE_IN_FRAMEWORK_HEADER = YES;
				CLANG_WARN_RANGE_LOOP_ANALYSIS = YES;
				CLANG_WARN_STRICT_PROTOTYPES = YES;
				CLANG_WARN_SUSPICIOUS_MOVE = YES;
				CLANG_WARN_UNGUARDED_AVAILABILITY = YES_AGGRESSIVE;
				CLANG_WARN_UNREACHABLE_CODE = YES;
				CLANG_WARN__DUPLICATE_METHOD_MATCH = YES;
				COPY_PHASE_STRIP = NO;
				DEBUG_INFORMATION_FORMAT = "dwarf-with-dsym";
				ENABLE_NS_ASSERTIONS = NO;
				ENABLE_STRICT_OBJC_MSGSEND = YES;
				ENABLE_USER_SCRIPT_SANDBOXING = YES;
				GCC_C_LANGUAGE_STANDARD = gnu17;
				GCC_NO_COMMON_BLOCKS = YES;
				GCC_WARN_64_TO_32_BIT_CONVERSION = YES;
				GCC_WARN_ABOUT_RETURN_TYPE = YES_ERROR;
				GCC_WARN_UNDECLARED_SELECTOR = YES;
				GCC_WARN_UNINITIALIZED_AUTOS = YES_AGGRESSIVE;
				GCC_WARN_UNUSED_FUNCTION = YES;
				GCC_WARN_UNUSED_VARIABLE = YES;
				LOCALIZATION_PREFERS_STRING_CATALOGS = YES;
				MACOSX_DEPLOYMENT_TARGET = 26.4;
				MTL_ENABLE_DEBUG_INFO = NO;
				MTL_FAST_MATH = YES;
				SDKROOT = macosx;
				SWIFT_COMPILATION_MODE = wholemodule;
			};
			name = Release;
		};
		4B28206E2FA0BF530006787D /* Debug */ = {
			isa = XCBuildConfiguration;
			buildSettings = {
				ASSETCATALOG_COMPILER_APPICON_NAME = AppIcon;
				ASSETCATALOG_COMPILER_GLOBAL_ACCENT_COLOR_NAME = AccentColor;
				CODE_SIGN_STYLE = Automatic;
				COMBINE_HIDPI_IMAGES = YES;
				CURRENT_PROJECT_VERSION = 1;
				ENABLE_APP_SANDBOX = NO;
				ENABLE_PREVIEWS = YES;
				ENABLE_USER_SELECTED_FILES = readonly;
				GENERATE_INFOPLIST_FILE = YES;
				INFOPLIST_KEY_NSHumanReadableCopyright = "";
				LD_RUNPATH_SEARCH_PATHS = (
					"$(inherited)",
					"@executable_path/../Frameworks",
				);
				MARKETING_VERSION = 1.0;
				PRODUCT_BUNDLE_IDENTIFIER = com.js.simctl.SimControl;
				PRODUCT_NAME = "$(TARGET_NAME)";
				REGISTER_APP_GROUPS = YES;
				STRING_CATALOG_GENERATE_SYMBOLS = YES;
				SWIFT_APPROACHABLE_CONCURRENCY = YES;
				SWIFT_DEFAULT_ACTOR_ISOLATION = nonisolated;
				SWIFT_EMIT_LOC_STRINGS = YES;
				SWIFT_UPCOMING_FEATURE_MEMBER_IMPORT_VISIBILITY = YES;
				SWIFT_VERSION = 5.0;
			};
			name = Debug;
		};
		4B28206F2FA0BF530006787D /* Release */ = {
			isa = XCBuildConfiguration;
			buildSettings = {
				ASSETCATALOG_COMPILER_APPICON_NAME = AppIcon;
				ASSETCATALOG_COMPILER_GLOBAL_ACCENT_COLOR_NAME = AccentColor;
				CODE_SIGN_STYLE = Automatic;
				COMBINE_HIDPI_IMAGES = YES;
				CURRENT_PROJECT_VERSION = 1;
				ENABLE_APP_SANDBOX = NO;
				ENABLE_PREVIEWS = YES;
				ENABLE_USER_SELECTED_FILES = readonly;
				GENERATE_INFOPLIST_FILE = YES;
				INFOPLIST_KEY_NSHumanReadableCopyright = "";
				LD_RUNPATH_SEARCH_PATHS = (
					"$(inherited)",
					"@executable_path/../Frameworks",
				);
				MARKETING_VERSION = 1.0;
				PRODUCT_BUNDLE_IDENTIFIER = com.js.simctl.SimControl;
				PRODUCT_NAME = "$(TARGET_NAME)";
				REGISTER_APP_GROUPS = YES;
				STRING_CATALOG_GENERATE_SYMBOLS = YES;
				SWIFT_APPROACHABLE_CONCURRENCY = YES;
				SWIFT_DEFAULT_ACTOR_ISOLATION = nonisolated;
				SWIFT_EMIT_LOC_STRINGS = YES;
				SWIFT_UPCOMING_FEATURE_MEMBER_IMPORT_VISIBILITY = YES;
				SWIFT_VERSION = 5.0;
			};
			name = Release;
		};
		4B2821022FA0F3600006787D /* Debug */ = {
			isa = XCBuildConfiguration;
			buildSettings = {
				BUNDLE_LOADER = "$(TEST_HOST)";
				CODE_SIGN_STYLE = Automatic;
				CURRENT_PROJECT_VERSION = 1;
				GENERATE_INFOPLIST_FILE = YES;
				MARKETING_VERSION = 1.0;
				PRODUCT_BUNDLE_IDENTIFIER = com.js.simctl.tests;
				PRODUCT_NAME = "$(TARGET_NAME)";
				STRING_CATALOG_GENERATE_SYMBOLS = NO;
				SWIFT_APPROACHABLE_CONCURRENCY = YES;
				SWIFT_EMIT_LOC_STRINGS = NO;
				SWIFT_UPCOMING_FEATURE_MEMBER_IMPORT_VISIBILITY = YES;
				SWIFT_VERSION = 5.0;
				TEST_HOST = "$(BUILT_PRODUCTS_DIR)/SimControl.app/$(BUNDLE_EXECUTABLE_FOLDER_PATH)/SimControl";
			};
			name = Debug;
		};
		4B2821032FA0F3600006787D /* Release */ = {
			isa = XCBuildConfiguration;
			buildSettings = {
				BUNDLE_LOADER = "$(TEST_HOST)";
				CODE_SIGN_STYLE = Automatic;
				CURRENT_PROJECT_VERSION = 1;
				GENERATE_INFOPLIST_FILE = YES;
				MARKETING_VERSION = 1.0;
				PRODUCT_BUNDLE_IDENTIFIER = com.js.simctl.tests;
				PRODUCT_NAME = "$(TARGET_NAME)";
				STRING_CATALOG_GENERATE_SYMBOLS = NO;
				SWIFT_APPROACHABLE_CONCURRENCY = YES;
				SWIFT_EMIT_LOC_STRINGS = NO;
				SWIFT_UPCOMING_FEATURE_MEMBER_IMPORT_VISIBILITY = YES;
				SWIFT_VERSION = 5.0;
				TEST_HOST = "$(BUILT_PRODUCTS_DIR)/SimControl.app/$(BUNDLE_EXECUTABLE_FOLDER_PATH)/SimControl";
			};
			name = Release;
		};
/* End XCBuildConfiguration section */

/* Begin XCConfigurationList section */
		4B28205D2FA0BF520006787D /* Build configuration list for PBXProject "SimControl" */ = {
			isa = XCConfigurationList;
			buildConfigurations = (
				4B28206B2FA0BF530006787D /* Debug */,
				4B28206C2FA0BF530006787D /* Release */,
			);
			defaultConfigurationIsVisible = 0;
			defaultConfigurationName = Release;
		};
		4B28206D2FA0BF530006787D /* Build configuration list for PBXNativeTarget "SimControl" */ = {
			isa = XCConfigurationList;
			buildConfigurations = (
				4B28206E2FA0BF530006787D /* Debug */,
				4B28206F2FA0BF530006787D /* Release */,
			);
			defaultConfigurationIsVisible = 0;
			defaultConfigurationName = Release;
		};
		4B2821012FA0F3600006787D /* Build configuration list for PBXNativeTarget "SimControlTests" */ = {
			isa = XCConfigurationList;
			buildConfigurations = (
				4B2821022FA0F3600006787D /* Debug */,
				4B2821032FA0F3600006787D /* Release */,
			);
			defaultConfigurationIsVisible = 0;
			defaultConfigurationName = Release;
		};
/* End XCConfigurationList section */

/* Begin XCLocalSwiftPackageReference section */
		4B2826112FA4B0000006787D /* XCLocalSwiftPackageReference "Packages/SimControlModules" */ = {
			isa = XCLocalSwiftPackageReference;
			relativePath = Packages/SimControlModules;
		};
/* End XCLocalSwiftPackageReference section */

/* Begin XCRemoteSwiftPackageReference section */
		4B2825E22FA18B7D0006787D /* XCRemoteSwiftPackageReference "swift-composable-architecture" */ = {
			isa = XCRemoteSwiftPackageReference;
			repositoryURL = "https://github.com/pointfreeco/swift-composable-architecture.git";
			requirement = {
				kind = upToNextMajorVersion;
				minimumVersion = 1.25.5;
			};
		};
/* End XCRemoteSwiftPackageReference section */

/* Begin XCSwiftPackageProductDependency section */
		4B2825E32FA18B7D0006787D /* ComposableArchitecture */ = {
			isa = XCSwiftPackageProductDependency;
			package = 4B2825E22FA18B7D0006787D /* XCRemoteSwiftPackageReference "swift-composable-architecture" */;
			productName = ComposableArchitecture;
		};
		4B2826122FA4B0000006787D /* SimControlDomain */ = {
			isa = XCSwiftPackageProductDependency;
			package = 4B2826112FA4B0000006787D /* XCLocalSwiftPackageReference "Packages/SimControlModules" */;
			productName = SimControlDomain;
		};
		4B2826212FA4C0000006787D /* SimControlInfrastructure */ = {
			isa = XCSwiftPackageProductDependency;
			package = 4B2826112FA4B0000006787D /* XCLocalSwiftPackageReference "Packages/SimControlModules" */;
			productName = SimControlInfrastructure;
		};
		4B2826232FA4C1000006787D /* SimControlClients */ = {
			isa = XCSwiftPackageProductDependency;
			package = 4B2826112FA4B0000006787D /* XCLocalSwiftPackageReference "Packages/SimControlModules" */;
			productName = SimControlClients;
		};
		4B2826252FA4C2000006787D /* SimControlClientsLive */ = {
			isa = XCSwiftPackageProductDependency;
			package = 4B2826112FA4B0000006787D /* XCLocalSwiftPackageReference "Packages/SimControlModules" */;
			productName = SimControlClientsLive;
		};
		4B2826282FA4C4000006787D /* MainWindowFeature */ = {
			isa = XCSwiftPackageProductDependency;
			package = 4B2826112FA4B0000006787D /* XCLocalSwiftPackageReference "Packages/SimControlModules" */;
			productName = MainWindowFeature;
		};
/* End XCSwiftPackageProductDependency section */
	};
	rootObject = 4B28205A2FA0BF520006787D /* Project object */;
}
